
Microsoft Visual Studio Solution File, Format Version 12.00
# Visual Studio 14
VisualStudioVersion = 14.0.24720.0
MinimumVisualStudioVersion = 10.0.40219.1
Project("{FAE04EC0-301F-11D3-BF4B-00C04F79EFBC}") = "iTrellisApp", "iTrellisApp\iTrellisApp.csproj", "{F144D5F3-C568-4759-B771-AE8F4C03DFC9}"
EndProject
Project("{FAE04EC0-301F-11D3-BF4B-00C04F79EFBC}") = "iTrellisApp.Test", "iTrellisAppTest\iTrellisApp.Test.csproj", "{A1D22BA7-1E52-4B24-8BAF-D1566CD79534}"
EndProject
Global
	GlobalSection(SolutionConfigurationPlatforms) = preSolution
		Debug|Any CPU = Debug|Any CPU
		Release|Any CPU = Release|Any CPU
	EndGlobalSection
	GlobalSection(ProjectConfigurationPlatforms) = postSolution
		{F144D5F3-C568-4759-B771-AE8F4C03DFC9}.Debug|Any CPU.ActiveCfg = Debug|Any CPU
		{F144D5F3-C568-4759-B771-AE8F4C03DFC9}.Debug|Any CPU.Build.0 = Debug|Any CPU
		{F144D5F3-C568-4759-B771-AE8F4C03DFC9}.Release|Any CPU.ActiveCfg = Release|Any CPU
		{F144D5F3-C568-4759-B771-AE8F4C03DFC9}.Release|Any CPU.Build.0 = Release|Any CPU
		{A1D22BA7-1E52-4B24-8BAF-D1566CD79534}.Debug|Any CPU.ActiveCfg = Debug|Any CPU
		{A1D22BA7-1E52-4B24-8BAF-D1566CD79534}.Debug|Any CPU.Build.0 = Debug|Any CPU
		{A1D22BA7-1E52-4B24-8BAF-D1566CD79534}.Release|Any CPU.ActiveCfg = Release|Any CPU
		{A1D22BA7-1E52-4B24-8BAF-D1566CD79534}.Release|Any CPU.Build.0 = Release|Any CPU
	EndGlobalSection
	GlobalSection(SolutionProperties) = preSolution
		HideSolutionNode = FALSE
	EndGlobalSection
EndGlobal
